github.com/aws/aws-lambda-go v1.41.0 h1:l/5fyVb6Ud9uYd411xdHZzSf2n86TakxzpvIoz7l+3Y=
github.com/aws/aws-lambda-go v1.41.0/go.mod h1:jwFe2KmMsHmffA1X2R09hH6lFzJQxzI8qK17ewzbQMM=
github.com/aws/aws-sdk-go-v2 v1.21.2/go.mod h1:ErQhvNuEMhJjweavOYhxVkn2RUx7kQXVATHrjKtxIpM=
github.com/aws/aws-sdk-go-v2 v1.23.2 h1:UoTll1Y5b88x8h53OlsJGgOHwpggdMr7UVnLjMb3XYg=
github.com/aws/aws-sdk-go-v2 v1.23.2/go.mod h1:i1XDttT4rnf6vxc9AuskLc6s7XBee8rlLilKlc03uAA=
github.com/aws/aws-sdk-go-v2/aws/protocol/eventstream v1.5.1 h1:ZY3108YtBNq96jNZTICHxN1gSBSbnvIdYwwqnvCV4Mc=
github.com/aws/aws-sdk-go-v2/aws/protocol/eventstream v1.5.1/go.mod h1:t8PYl/6LzdAqsU4/9tz28V/kU+asFePvpOMkdul0gEQ=
github.com/aws/aws-sdk-go-v2/config v1.18.45 h1:Aka9bI7n8ysuwPeFdm77nfbyHCAKQ3z9ghB3S/38zes=
github.com/aws/aws-sdk-go-v2/config v1.18.45/go.mod h1:ZwDUgFnQgsazQTnWfeLWk5GjeqTQTL8lMkoE1UXzxdE=
github.com/aws/aws-sdk-go-v2/credentials v1.13.43 h1:LU8vo40zBlo3R7bAvBVy/ku4nxGEyZe9N8MqAeFTzF8=
github.com/aws/aws-sdk-go-v2/credentials v1.13.43/go.mod h1:zWJBz1Yf1ZtX5NGax9ZdNjhhI4rgjfgsyk6vTY1yfVg=
github.com/aws/aws-sdk-go-v2/feature/ec2/imds v1.13.13 h1:PIktER+hwIG286DqXyvVENjgLTAwGgoeriLDD5C+YlQ=
github.com/aws/aws-sdk-go-v2/feature/ec2/imds v1.13.13/go.mod h1:f/Ib/qYjhV2/qdsf79H3QP/eRE4AkVyEf6sk7XfZ1tg=
github.com/aws/aws-sdk-go-v2/internal/configsources v1.1.43/go.mod h1:auo+PiyLl0n1l8A0e8RIeR8tOzYPfZZH/JNlrJ8igTQ=
github.com/aws/aws-sdk-go-v2/internal/configsources v1.2.5 h1:16Z1XuMUv63fcyW5bIUno6AFcX4drsrE0gof+xue6g4=
github.com/aws/aws-sdk-go-v2/internal/configsources v1.2.5/go.mod h1:pRvFacV2qbRKy34ZFptHZW4wpauJA445bqFbvA6ikSo=
github.com/aws/aws-sdk-go-v2/internal/endpoints/v2 v2.4.37/go.mod h1:Qe+2KtKml+FEsQF/DHmDV+xjtche/hwoF75EG4UlHW8=
github.com/aws/aws-sdk-go-v2/internal/endpoints/v2 v2.5.5 h1:RxpMuBgzP3Dj1n5CZY6droLFcsn5gc7QsrIcaGQoeCs=
github.com/aws/aws-sdk-go-v2/internal/endpoints/v2 v2.5.5/go.mod h1:dO8Js7ym4Jzg/wcjTgCRVln/jFn3nI82XNhsG2lWbDI=
github.com/aws/aws-sdk-go-v2/internal/ini v1.3.45 h1:hze8YsjSh8Wl1rYa1CJpRmXP21BvOBuc76YhW0HsuQ4=
github.com/aws/aws-sdk-go-v2/internal/ini v1.3.45/go.mod h1:lD5M20o09/LCuQ2mE62Mb/iSdSlCNuj6H5ci7tW7OsE=
github.com/aws/aws-sdk-go-v2/internal/v4a v1.2.3 h1:lMwCXiWJlrtZot0NJTjbC8G9zl+V3i68gBTBBvDeEXA=
github.com/aws/aws-sdk-go-v2/internal/v4a v1.2.3/go.mod h1:5yzAuE9i2RkVAttBl8yxZgQr5OCq4D5yDnG7j9x2L0U=
github.com/aws/aws-sdk-go-v2/service/accessanalyzer v1.25.0 h1:L+12iYmzmkYzuBC0IgBCAywQ3jRbEsBlkfinfU6Oldo=
github.com/aws/aws-sdk-go-v2/service/accessanalyzer v1.25.0/go.mod h1:ot9ZlSA6wpvhF42RB3T5J22kWgSylZEM34W4NcBUHkY=
github.com/aws/aws-sdk-go-v2/service/configservice v1.41.3 h1:nQcg5CTKDULcgw7cdVRV+1kpROuukRmP9/eE+hMcSGM=
github.com/aws/aws-sdk-go-v2/service/configservice v1.41.3/go.mod h1:mkP+H3W1vFPx6qEL2RvtZUKLDfDBLKTLOyyR6F2QaCE=
github.com/aws/aws-sdk-go-v2/service/iam v1.27.2 h1:Z3a5I5kKGsuVW4kbrtHVnLGUHpEpo19zFyo6dzP2WCM=
github.com/aws/aws-sdk-go-v2/service/iam v1.27.2/go.mod h1:CYRyr95Q57xVvrcKJu3vw4jVVCZhmY1SyugM+EWXlzI=
github.com/aws/aws-sdk-go-v2/service/internal/accept-encoding v1.10.1 h1:rpkF4n0CyFcrJUG/rNNohoTmhtWlFTRI4BsZOh9PvLs=
github.com/aws/aws-sdk-go-v2/service/internal/accept-encoding v1.10.1/go.mod h1:l9ymW25HOqymeU2m1gbUQ3rUIsTwKs8gYHXkqDQUhiI=
github.com/aws/aws-sdk-go-v2/service/internal/checksum v1.2.3 h1:xbwRyCy7kXrOj89iIKLB6NfE2WCpP9HoKyk8dMDvnIQ=
github.com/aws/aws-sdk-go-v2/service/internal/checksum v1.2.3/go.mod h1:R+/S1O4TYpcktbVwddeOYg+uwUfLhADP2S/x4QwsCTM=
github.com/aws/aws-sdk-go-v2/service/internal/presigned-url v1.9.37/go.mod h1:vBmDnwWXWxNPFRMmG2m/3MKOe+xEcMDo1tanpaWCcck=
github.com/aws/aws-sdk-go-v2/service/internal/presigned-url v1.10.3 h1:kJOolE8xBAD13xTCgOakByZkyP4D/owNmvEiioeUNAg=
github.com/aws/aws-sdk-go-v2/service/internal/presigned-url v1.10.3/go.mod h1:Owv1I59vaghv1Ax8zz8ELY8DN7/Y0rGS+WWAmjgi950=
github.com/aws/aws-sdk-go-v2/service/internal/s3shared v1.16.3 h1:KV0z2RDc7euMtg8aUT1czv5p29zcLlXALNFsd3jkkEc=
github.com/aws/aws-sdk-go-v2/service/internal/s3shared v1.16.3/go.mod h1:KZgs2ny8HsxRIRbDwgvJcHHBZPOzQr/+NtGwnP+w2ec=
github.com/aws/aws-sdk-go-v2/service/s3 v1.43.0 h1:cwTuq73Tv6jtNJIMgTDKsih5O2YsVrKGpg20H98tbmo=
github.com/aws/aws-sdk-go-v2/service/s3 v1.43.0/go.mod h1:NXRKkiRF+erX2hnybnVU660cYT5/KChRD4iUgJ97cI8=
github.com/aws/aws-sdk-go-v2/service/sso v1.15.2 h1:JuPGc7IkOP4AaqcZSIcyqLpFSqBWK32rM9+a1g6u73k=
github.com/aws/aws-sdk-go-v2/service/sso v1.15.2/go.mod h1:gsL4keucRCgW+xA85ALBpRFfdSLH4kHOVSnLMSuBECo=
github.com/aws/aws-sdk-go-v2/service/ssooidc v1.17.3 h1:HFiiRkf1SdaAmV3/BHOFZ9DjFynPHj8G/UIO1lQS+fk=
github.com/aws/aws-sdk-go-v2/service/ssooidc v1.17.3/go.mod h1:a7bHA82fyUXOm+ZSWKU6PIoBxrjSprdLoM8xPYvzYVg=
github.com/aws/aws-sdk-go-v2/service/sts v1.23.2 h1:0BkLfgeDjfZnZ+MhB3ONb01u9pwFYTCZVhlsSSBvlbU=
github.com/aws/aws-sdk-go-v2/service/sts v1.23.2/go.mod h1:Eows6e1uQEsc4ZaHANmsPRzAKcVDrcmjjWiih2+HUUQ=
github.com/aws/smithy-go v1.15.0/go.mod h1:Tg+OJXh4MB2R/uN61Ko2f6hTZwB/ZYGOtib8J3gBHzA=
github.com/aws/smithy-go v1.17.0 h1:wWJD7LX6PBV6etBUwO0zElG0nWN9rUhp0WdYeHSHAaI=
github.com/aws/smithy-go v1.17.0/go.mod h1:NukqUGpCZIILqqiV0NIjeFh24kd/FAa4beRb6nbIUPE=
github.com/davecgh/go-spew v1.1.0/go.mod h1:J7Y8YcW2NihsgmVo/mv3lAwl/skON4iLHjSsI+c5H38=
github.com/davecgh/go-spew v1.1.1 h1:vj9j/u1bqnvCEfJOwUhtlOARqs3+rkHYY13jYWTU97c=
github.com/davecgh/go-spew v1.1.1/go.mod h1:J7Y8YcW2NihsgmVo/mv3lAwl/skON4iLHjSsI+c5H38=
github.com/google/go-cmp v0.5.8 h1:e6P7q2lk1O+qJJb4BtCQXlK8vWEO8V1ZeuEdJNOqZyg=
github.com/google/go-cmp v0.5.8/go.mod h1:17dUlkBOakJ0+DkrSSNjCkIjxS6bF9zb3elmeNGIjoY=
github.com/jmespath/go-jmespath v0.4.0/go.mod h1:T8mJZnbsbmF+m6zOOFylbeCJqk5+pHWvzYPziyZiYoo=
github.com/jmespath/go-jmespath/internal/testify v1.5.1/go.mod h1:L3OGu8Wl2/fWfCI6z80xFu9LTZmf1ZRjMHUOPmWr69U=
github.com/outofoffice3/common v1.0.4-alpha h1:6Q7pG6Jx7wf9P2sckvTIQRdHzrOoB0kSmZRaZEzmUhY=
github.com/outofoffice3/common v1.0.4-alpha/go.mod h1:cpRmCGl0cbrMQg4ldg932+r7P3pEuGj+QxgHKcjqbok=
github.com/pmezard/go-difflib v1.0.0 h1:4DBwDE0NGyQoBHbLQYPwSUPoCMWR5BEzIk/f1lZbAQM=
github.com/pmezard/go-difflib v1.0.0/go.mod h1:iKH77koFhYxTK1pcRnkKkqfTogsbg7gZNVY4sRDYZ/4=
github.com/stretchr/objx v0.1.0/go.mod h1:HFkY916IF+rwdDfMAkV7OtwuqBVzrE8GR6GFx+wExME=
github.com/stretchr/testify v1.7.2 h1:4jaiDzPyXQvSd7D0EjG45355tLlV3VOECpq10pLC+8s=
github.com/stretchr/testify v1.7.2/go.mod h1:R6va5+xMeoiuVRoj+gSkQ7d3FALtqAAGI1FQKckRals=
gopkg.in/check.v1 v0.0.0-20161208181325-20d25e280405 h1:yhCVgyC4o1eVCa2tZl7eS0r+SDo693bJlVdllGtEeKM=
gopkg.in/check.v1 v0.0.0-20161208181325-20d25e280405/go.mod h1:Co6ibVJAznAaIkqp8huTwlJQCZ016jof/cbN4VW5Yz0=
gopkg.in/yaml.v2 v2.2.8/go.mod h1:hI93XBmqTisBFMUTm0b8Fm+jr3Dg1NNxqwp+5A1VGuI=
gopkg.in/yaml.v3 v3.0.1 h1:fxVm/GzAzEWqLHuvctI91KS9hhNmmWOoWu0XTYJS7CA=
gopkg.in/yaml.v3 v3.0.1/go.mod h1:K4uyk7z7BCEPqu6E+C64Yfv1cQ7kz7rIZviUmN+EgEM=
